// !$*UTF8*$!
{
	archiveVersion = 1;
	classes = {
	};
	objectVersion = 56;
	objects = {

/* Begin PBXBuildFile section */
		E346573D2AEA917E008A20B1 /* AppDelegate.swift in Sources */ = {isa = PBXBuildFile; fileRef = E346573C2AEA917E008A20B1 /* AppDelegate.swift */; };
		E346573F2AEA917E008A20B1 /* SceneDelegate.swift in Sources */ = {isa = PBXBuildFile; fileRef = E346573E2AEA917E008A20B1 /* SceneDelegate.swift */; };
		E34657462AEA9181008A20B1 /* Assets.xcassets in Resources */ = {isa = PBXBuildFile; fileRef = E34657452AEA9181008A20B1 /* Assets.xcassets */; };
		E34657492AEA9181008A20B1 /* LaunchScreen.storyboard in Resources */ = {isa = PBXBuildFile; fileRef = E34657472AEA9181008A20B1 /* LaunchScreen.storyboard */; };
		E34657532AEAA171008A20B1 /* SnapKit in Frameworks */ = {isa = PBXBuildFile; productRef = E34657522AEAA171008A20B1 /* SnapKit */; };
		E34657562AEAA187008A20B1 /* SwiftMessages in Frameworks */ = {isa = PBXBuildFile; productRef = E34657552AEAA187008A20B1 /* SwiftMessages */; };
		E34657662AEAAEBB008A20B1 /* SF-Pro-Text-Bold.otf in Resources */ = {isa = PBXBuildFile; fileRef = E34657642AEAAEBB008A20B1 /* SF-Pro-Text-Bold.otf */; };
		E34657672AEAAEBB008A20B1 /* SF-Pro-Text-Regular.otf in Resources */ = {isa = PBXBuildFile; fileRef = E34657652AEAAEBB008A20B1 /* SF-Pro-Text-Regular.otf */; };
		E346576E2AEAB4B3008A20B1 /* RswiftLibrary in Frameworks */ = {isa = PBXBuildFile; productRef = E346576D2AEAB4B3008A20B1 /* RswiftLibrary */; };
		E3C999262AEF106F00495E18 /* NetworkManager.swift in Sources */ = {isa = PBXBuildFile; fileRef = E3C999252AEF106F00495E18 /* NetworkManager.swift */; };
		E3C9992A2AEF1C1900495E18 /* HomeModel.swift in Sources */ = {isa = PBXBuildFile; fileRef = E3C999292AEF1C1900495E18 /* HomeModel.swift */; };
		E3C9992D2AEF219B00495E18 /* AlamofireImage in Frameworks */ = {isa = PBXBuildFile; productRef = E3C9992C2AEF219B00495E18 /* AlamofireImage */; };
		E3C999302AF142F400495E18 /* String.swift in Sources */ = {isa = PBXBuildFile; fileRef = E3C9992F2AF142F400495E18 /* String.swift */; };
		E3C999342AF2B66F00495E18 /* CameraListView.swift in Sources */ = {isa = PBXBuildFile; fileRef = E3C999332AF2B66F00495E18 /* CameraListView.swift */; };
		E3C999372AF323B900495E18 /* FullScreenImageViewController.swift in Sources */ = {isa = PBXBuildFile; fileRef = E3C999362AF323B800495E18 /* FullScreenImageViewController.swift */; };
		E3C9993C2AF3306000495E18 /* FullScreenImageViewModel.swift in Sources */ = {isa = PBXBuildFile; fileRef = E3C9993B2AF3306000495E18 /* FullScreenImageViewModel.swift */; };
		E3C9993E2AF3307A00495E18 /* FullScreenImageModule.swift in Sources */ = {isa = PBXBuildFile; fileRef = E3C9993D2AF3307A00495E18 /* FullScreenImageModule.swift */; };
		E3C999412AF42C1100495E18 /* TempStorage.swift in Sources */ = {isa = PBXBuildFile; fileRef = E3C999402AF42C1100495E18 /* TempStorage.swift */; };
		E3C999442AF48EDE00495E18 /* Adapters.swift in Sources */ = {isa = PBXBuildFile; fileRef = E3C999432AF48EDE00495E18 /* Adapters.swift */; };
		E3EA21E22AEAB95A000C66C3 /* Realm in Frameworks */ = {isa = PBXBuildFile; productRef = E3EA21E12AEAB95A000C66C3 /* Realm */; };
		E3EA21E42AEAB95A000C66C3 /* RealmSwift in Frameworks */ = {isa = PBXBuildFile; productRef = E3EA21E32AEAB95A000C66C3 /* RealmSwift */; };
		E3EA21EE2AEABED5000C66C3 /* TabBarModule.swift in Sources */ = {isa = PBXBuildFile; fileRef = E3EA21ED2AEABED5000C66C3 /* TabBarModule.swift */; };
		E3EA21F12AEABF2E000C66C3 /* BaseModule.swift in Sources */ = {isa = PBXBuildFile; fileRef = E3EA21F02AEABF2E000C66C3 /* BaseModule.swift */; };
		E3EA21F32AEAC2C8000C66C3 /* TabBarViewModel.swift in Sources */ = {isa = PBXBuildFile; fileRef = E3EA21F22AEAC2C8000C66C3 /* TabBarViewModel.swift */; };
		E3EA21F62AEAC357000C66C3 /* TabBarViewController.swift in Sources */ = {isa = PBXBuildFile; fileRef = E3EA21F52AEAC357000C66C3 /* TabBarViewController.swift */; };
		E3EA21F82AEAD7DF000C66C3 /* BaseViewController.swift in Sources */ = {isa = PBXBuildFile; fileRef = E3EA21F72AEAD7DF000C66C3 /* BaseViewController.swift */; };
		E3EA21FC2AEB0695000C66C3 /* HomeModule.swift in Sources */ = {isa = PBXBuildFile; fileRef = E3EA21FB2AEB0695000C66C3 /* HomeModule.swift */; };
		E3EA21FF2AEB06A9000C66C3 /* HomeViewModel.swift in Sources */ = {isa = PBXBuildFile; fileRef = E3EA21FE2AEB06A9000C66C3 /* HomeViewModel.swift */; };
		E3EA22012AEB06C3000C66C3 /* HomeViewController.swift in Sources */ = {isa = PBXBuildFile; fileRef = E3EA22002AEB06C3000C66C3 /* HomeViewController.swift */; };
		E3EA22042AEB18A5000C66C3 /* HistoryModule.swift in Sources */ = {isa = PBXBuildFile; fileRef = E3EA22032AEB18A5000C66C3 /* HistoryModule.swift */; };
		E3EA22072AEB1914000C66C3 /* HistoryViewModel.swift in Sources */ = {isa = PBXBuildFile; fileRef = E3EA22062AEB1914000C66C3 /* HistoryViewModel.swift */; };
		E3EA22092AEB192C000C66C3 /* HistoryViewController.swift in Sources */ = {isa = PBXBuildFile; fileRef = E3EA22082AEB192C000C66C3 /* HistoryViewController.swift */; };
		E3EA220E2AED516D000C66C3 /* HeaderView.swift in Sources */ = {isa = PBXBuildFile; fileRef = E3EA220D2AED516D000C66C3 /* HeaderView.swift */; };
		E3EA22112AED5284000C66C3 /* Screen.swift in Sources */ = {isa = PBXBuildFile; fileRef = E3EA22102AED5284000C66C3 /* Screen.swift */; };
		E3EA22192AED7CB2000C66C3 /* ToolbarView.swift in Sources */ = {isa = PBXBuildFile; fileRef = E3EA22182AED7CB2000C66C3 /* ToolbarView.swift */; };
		E3EA221C2AED8317000C66C3 /* BaseButton.swift in Sources */ = {isa = PBXBuildFile; fileRef = E3EA221B2AED8317000C66C3 /* BaseButton.swift */; };
		E3EA221E2AED9AC3000C66C3 /* RoverCardCell.swift in Sources */ = {isa = PBXBuildFile; fileRef = E3EA221D2AED9AC2000C66C3 /* RoverCardCell.swift */; };
		E3EA22222AEDAF30000C66C3 /* CalendarDatePicker.swift in Sources */ = {isa = PBXBuildFile; fileRef = E3EA22212AEDAF30000C66C3 /* CalendarDatePicker.swift */; };
		E3EA222D2AEEB500000C66C3 /* CalenderHeaderCell.swift in Sources */ = {isa = PBXBuildFile; fileRef = E3EA22272AEEB4FF000C66C3 /* CalenderHeaderCell.swift */; };
		E3EA222E2AEEB500000C66C3 /* CalenderView.swift in Sources */ = {isa = PBXBuildFile; fileRef = E3EA22282AEEB4FF000C66C3 /* CalenderView.swift */; };
		E3EA222F2AEEB500000C66C3 /* CalenderStyle.swift in Sources */ = {isa = PBXBuildFile; fileRef = E3EA22292AEEB4FF000C66C3 /* CalenderStyle.swift */; };
		E3EA22302AEEB500000C66C3 /* CalenderCell.swift in Sources */ = {isa = PBXBuildFile; fileRef = E3EA222A2AEEB4FF000C66C3 /* CalenderCell.swift */; };
		E3EA22312AEEB500000C66C3 /* Date+Exts.swift in Sources */ = {isa = PBXBuildFile; fileRef = E3EA222B2AEEB4FF000C66C3 /* Date+Exts.swift */; };
		E3EA22322AEEB500000C66C3 /* Day.swift in Sources */ = {isa = PBXBuildFile; fileRef = E3EA222C2AEEB500000C66C3 /* Day.swift */; };
		E3EA22342AEEB527000C66C3 /* CalendarDateView.swift in Sources */ = {isa = PBXBuildFile; fileRef = E3EA22332AEEB527000C66C3 /* CalendarDateView.swift */; };
		E3EA223C2AEEC57D000C66C3 /* MarsRoverPhotos.swift in Sources */ = {isa = PBXBuildFile; fileRef = E3EA223B2AEEC57D000C66C3 /* MarsRoverPhotos.swift */; };
		E3EA223F2AEEE5D7000C66C3 /* Alamofire in Frameworks */ = {isa = PBXBuildFile; productRef = E3EA223E2AEEE5D7000C66C3 /* Alamofire */; };
		E3EA22412AEEF91F000C66C3 /* Routes.swift in Sources */ = {isa = PBXBuildFile; fileRef = E3EA22402AEEF91F000C66C3 /* Routes.swift */; };
/* End PBXBuildFile section */

/* Begin PBXFileReference section */
		E34657392AEA917E008A20B1 /* NASA Rovers.app */ = {isa = PBXFileReference; explicitFileType = wrapper.application; includeInIndex = 0; path = "NASA Rovers.app"; sourceTree = BUILT_PRODUCTS_DIR; };
		E346573C2AEA917E008A20B1 /* AppDelegate.swift */ = {isa = PBXFileReference; lastKnownFileType = sourcecode.swift; path = AppDelegate.swift; sourceTree = "<group>"; };
		E346573E2AEA917E008A20B1 /* SceneDelegate.swift */ = {isa = PBXFileReference; lastKnownFileType = sourcecode.swift; path = SceneDelegate.swift; sourceTree = "<group>"; };
		E34657452AEA9181008A20B1 /* Assets.xcassets */ = {isa = PBXFileReference; lastKnownFileType = folder.assetcatalog; path = Assets.xcassets; sourceTree = "<group>"; };
		E34657482AEA9181008A20B1 /* Base */ = {isa = PBXFileReference; lastKnownFileType = file.storyboard; name = Base; path = Base.lproj/LaunchScreen.storyboard; sourceTree = "<group>"; };
		E346574A2AEA9181008A20B1 /* Info.plist */ = {isa = PBXFileReference; lastKnownFileType = text.plist.xml; path = Info.plist; sourceTree = "<group>"; };
		E34657642AEAAEBB008A20B1 /* SF-Pro-Text-Bold.otf */ = {isa = PBXFileReference; lastKnownFileType = file; path = "SF-Pro-Text-Bold.otf"; sourceTree = "<group>"; };
		E34657652AEAAEBB008A20B1 /* SF-Pro-Text-Regular.otf */ = {isa = PBXFileReference; lastKnownFileType = file; path = "SF-Pro-Text-Regular.otf"; sourceTree = "<group>"; };
		E3C999252AEF106F00495E18 /* NetworkManager.swift */ = {isa = PBXFileReference; lastKnownFileType = sourcecode.swift; path = NetworkManager.swift; sourceTree = "<group>"; };
		E3C999292AEF1C1900495E18 /* HomeModel.swift */ = {isa = PBXFileReference; lastKnownFileType = sourcecode.swift; path = HomeModel.swift; sourceTree = "<group>"; };
		E3C9992F2AF142F400495E18 /* String.swift */ = {isa = PBXFileReference; lastKnownFileType = sourcecode.swift; path = String.swift; sourceTree = "<group>"; };
		E3C999332AF2B66F00495E18 /* CameraListView.swift */ = {isa = PBXFileReference; lastKnownFileType = sourcecode.swift; path = CameraListView.swift; sourceTree = "<group>"; };
		E3C999362AF323B800495E18 /* FullScreenImageViewController.swift */ = {isa = PBXFileReference; lastKnownFileType = sourcecode.swift; path = FullScreenImageViewController.swift; sourceTree = "<group>"; };
		E3C9993B2AF3306000495E18 /* FullScreenImageViewModel.swift */ = {isa = PBXFileReference; lastKnownFileType = sourcecode.swift; path = FullScreenImageViewModel.swift; sourceTree = "<group>"; };
		E3C9993D2AF3307A00495E18 /* FullScreenImageModule.swift */ = {isa = PBXFileReference; lastKnownFileType = sourcecode.swift; path = FullScreenImageModule.swift; sourceTree = "<group>"; };
		E3C999402AF42C1100495E18 /* TempStorage.swift */ = {isa = PBXFileReference; lastKnownFileType = sourcecode.swift; path = TempStorage.swift; sourceTree = "<group>"; };
		E3C999432AF48EDE00495E18 /* Adapters.swift */ = {isa = PBXFileReference; lastKnownFileType = sourcecode.swift; path = Adapters.swift; sourceTree = "<group>"; };
		E3EA21ED2AEABED5000C66C3 /* TabBarModule.swift */ = {isa = PBXFileReference; lastKnownFileType = sourcecode.swift; path = TabBarModule.swift; sourceTree = "<group>"; };
		E3EA21F02AEABF2E000C66C3 /* BaseModule.swift */ = {isa = PBXFileReference; lastKnownFileType = sourcecode.swift; path = BaseModule.swift; sourceTree = "<group>"; };
		E3EA21F22AEAC2C8000C66C3 /* TabBarViewModel.swift */ = {isa = PBXFileReference; lastKnownFileType = sourcecode.swift; path = TabBarViewModel.swift; sourceTree = "<group>"; };
		E3EA21F52AEAC357000C66C3 /* TabBarViewController.swift */ = {isa = PBXFileReference; lastKnownFileType = sourcecode.swift; path = TabBarViewController.swift; sourceTree = "<group>"; };
		E3EA21F72AEAD7DF000C66C3 /* BaseViewController.swift */ = {isa = PBXFileReference; lastKnownFileType = sourcecode.swift; path = BaseViewController.swift; sourceTree = "<group>"; };
		E3EA21FB2AEB0695000C66C3 /* HomeModule.swift */ = {isa = PBXFileReference; lastKnownFileType = sourcecode.swift; path = HomeModule.swift; sourceTree = "<group>"; };
		E3EA21FE2AEB06A9000C66C3 /* HomeViewModel.swift */ = {isa = PBXFileReference; lastKnownFileType = sourcecode.swift; path = HomeViewModel.swift; sourceTree = "<group>"; };
		E3EA22002AEB06C3000C66C3 /* HomeViewController.swift */ = {isa = PBXFileReference; lastKnownFileType = sourcecode.swift; path = HomeViewController.swift; sourceTree = "<group>"; };
		E3EA22032AEB18A5000C66C3 /* HistoryModule.swift */ = {isa = PBXFileReference; lastKnownFileType = sourcecode.swift; path = HistoryModule.swift; sourceTree = "<group>"; };
		E3EA22062AEB1914000C66C3 /* HistoryViewModel.swift */ = {isa = PBXFileReference; lastKnownFileType = sourcecode.swift; path = HistoryViewModel.swift; sourceTree = "<group>"; };
		E3EA22082AEB192C000C66C3 /* HistoryViewController.swift */ = {isa = PBXFileReference; lastKnownFileType = sourcecode.swift; path = HistoryViewController.swift; sourceTree = "<group>"; };
		E3EA220D2AED516D000C66C3 /* HeaderView.swift */ = {isa = PBXFileReference; lastKnownFileType = sourcecode.swift; path = HeaderView.swift; sourceTree = "<group>"; };
		E3EA22102AED5284000C66C3 /* Screen.swift */ = {isa = PBXFileReference; lastKnownFileType = sourcecode.swift; path = Screen.swift; sourceTree = "<group>"; };
		E3EA22182AED7CB2000C66C3 /* ToolbarView.swift */ = {isa = PBXFileReference; lastKnownFileType = sourcecode.swift; path = ToolbarView.swift; sourceTree = "<group>"; };
		E3EA221B2AED8317000C66C3 /* BaseButton.swift */ = {isa = PBXFileReference; lastKnownFileType = sourcecode.swift; path = BaseButton.swift; sourceTree = "<group>"; };
		E3EA221D2AED9AC2000C66C3 /* RoverCardCell.swift */ = {isa = PBXFileReference; lastKnownFileType = sourcecode.swift; path = RoverCardCell.swift; sourceTree = "<group>"; };
		E3EA22212AEDAF30000C66C3 /* CalendarDatePicker.swift */ = {isa = PBXFileReference; lastKnownFileType = sourcecode.swift; path = CalendarDatePicker.swift; sourceTree = "<group>"; };
		E3EA22272AEEB4FF000C66C3 /* CalenderHeaderCell.swift */ = {isa = PBXFileReference; fileEncoding = 4; lastKnownFileType = sourcecode.swift; path = CalenderHeaderCell.swift; sourceTree = "<group>"; };
		E3EA22282AEEB4FF000C66C3 /* CalenderView.swift */ = {isa = PBXFileReference; fileEncoding = 4; lastKnownFileType = sourcecode.swift; path = CalenderView.swift; sourceTree = "<group>"; };
		E3EA22292AEEB4FF000C66C3 /* CalenderStyle.swift */ = {isa = PBXFileReference; fileEncoding = 4; lastKnownFileType = sourcecode.swift; path = CalenderStyle.swift; sourceTree = "<group>"; };
		E3EA222A2AEEB4FF000C66C3 /* CalenderCell.swift */ = {isa = PBXFileReference; fileEncoding = 4; lastKnownFileType = sourcecode.swift; path = CalenderCell.swift; sourceTree = "<group>"; };
		E3EA222B2AEEB4FF000C66C3 /* Date+Exts.swift */ = {isa = PBXFileReference; fileEncoding = 4; lastKnownFileType = sourcecode.swift; path = "Date+Exts.swift"; sourceTree = "<group>"; };
		E3EA222C2AEEB500000C66C3 /* Day.swift */ = {isa = PBXFileReference; fileEncoding = 4; lastKnownFileType = sourcecode.swift; path = Day.swift; sourceTree = "<group>"; };
		E3EA22332AEEB527000C66C3 /* CalendarDateView.swift */ = {isa = PBXFileReference; lastKnownFileType = sourcecode.swift; path = CalendarDateView.swift; sourceTree = "<group>"; };
		E3EA223B2AEEC57D000C66C3 /* MarsRoverPhotos.swift */ = {isa = PBXFileReference; lastKnownFileType = sourcecode.swift; path = MarsRoverPhotos.swift; sourceTree = "<group>"; };
		E3EA22402AEEF91F000C66C3 /* Routes.swift */ = {isa = PBXFileReference; lastKnownFileType = sourcecode.swift; path = Routes.swift; sourceTree = "<group>"; };
/* End PBXFileReference section */

/* Begin PBXFrameworksBuildPhase section */
		E34657362AEA917E008A20B1 /* Frameworks */ = {
			isa = PBXFrameworksBuildPhase;
			buildActionMask = 2147483647;
			files = (
				E34657562AEAA187008A20B1 /* SwiftMessages in Frameworks */,
				E34657532AEAA171008A20B1 /* SnapKit in Frameworks */,
				E3EA21E22AEAB95A000C66C3 /* Realm in Frameworks */,
				E3EA223F2AEEE5D7000C66C3 /* Alamofire in Frameworks */,
				E3EA21E42AEAB95A000C66C3 /* RealmSwift in Frameworks */,
				E346576E2AEAB4B3008A20B1 /* RswiftLibrary in Frameworks */,
				E3C9992D2AEF219B00495E18 /* AlamofireImage in Frameworks */,
			);
			runOnlyForDeploymentPostprocessing = 0;
		};
/* End PBXFrameworksBuildPhase section */

/* Begin PBXGroup section */
		E34657302AEA917E008A20B1 = {
			isa = PBXGroup;
			children = (
				E346573B2AEA917E008A20B1 /* NASA Rovers */,
				E346573A2AEA917E008A20B1 /* Products */,
				E346575A2AEAACB9008A20B1 /* Frameworks */,
			);
			sourceTree = "<group>";
		};
		E346573A2AEA917E008A20B1 /* Products */ = {
			isa = PBXGroup;
			children = (
				E34657392AEA917E008A20B1 /* NASA Rovers.app */,
			);
			name = Products;
			sourceTree = "<group>";
		};
		E346573B2AEA917E008A20B1 /* NASA Rovers */ = {
			isa = PBXGroup;
			children = (
				E3EA21E72AEABE47000C66C3 /* Delegates */,
				E3EA21E92AEABE6B000C66C3 /* Modules */,
				E3EA21EF2AEABEF1000C66C3 /* Core Layer */,
				E3EA220F2AED5269000C66C3 /* Utils */,
				E3EA220B2AED5127000C66C3 /* UI Components */,
				E3EA21F42AEAC32D000C66C3 /* Network Layer */,
				E34657622AEAAE68008A20B1 /* Resources */,
				E34657472AEA9181008A20B1 /* LaunchScreen.storyboard */,
				E346574A2AEA9181008A20B1 /* Info.plist */,
			);
			path = "NASA Rovers";
			sourceTree = "<group>";
		};
		E346575A2AEAACB9008A20B1 /* Frameworks */ = {
			isa = PBXGroup;
			children = (
			);
			name = Frameworks;
			sourceTree = "<group>";
		};
		E34657622AEAAE68008A20B1 /* Resources */ = {
			isa = PBXGroup;
			children = (
				E34657632AEAAE76008A20B1 /* Fonts */,
				E34657452AEA9181008A20B1 /* Assets.xcassets */,
			);
			path = Resources;
			sourceTree = "<group>";
		};
		E34657632AEAAE76008A20B1 /* Fonts */ = {
			isa = PBXGroup;
			children = (
				E34657642AEAAEBB008A20B1 /* SF-Pro-Text-Bold.otf */,
				E34657652AEAAEBB008A20B1 /* SF-Pro-Text-Regular.otf */,
			);
			path = Fonts;
			sourceTree = "<group>";
		};
		E3C9993A2AF3301900495E18 /* Full Screen Image */ = {
			isa = PBXGroup;
			children = (
				E3C9993D2AF3307A00495E18 /* FullScreenImageModule.swift */,
				E3C9993B2AF3306000495E18 /* FullScreenImageViewModel.swift */,
				E3C999362AF323B800495E18 /* FullScreenImageViewController.swift */,
			);
			path = "Full Screen Image";
			sourceTree = "<group>";
		};
		E3EA21E72AEABE47000C66C3 /* Delegates */ = {
			isa = PBXGroup;
			children = (
				E346573C2AEA917E008A20B1 /* AppDelegate.swift */,
				E346573E2AEA917E008A20B1 /* SceneDelegate.swift */,
			);
			path = Delegates;
			sourceTree = "<group>";
		};
		E3EA21E92AEABE6B000C66C3 /* Modules */ = {
			isa = PBXGroup;
			children = (
				E3C9993A2AF3301900495E18 /* Full Screen Image */,
				E3EA21EC2AEABEA8000C66C3 /* History */,
				E3EA21EB2AEABE9E000C66C3 /* Home */,
				E3EA21EA2AEABE87000C66C3 /* Tab Bar */,
			);
			path = Modules;
			sourceTree = "<group>";
		};
		E3EA21EA2AEABE87000C66C3 /* Tab Bar */ = {
			isa = PBXGroup;
			children = (
				E3EA21ED2AEABED5000C66C3 /* TabBarModule.swift */,
				E3EA21F22AEAC2C8000C66C3 /* TabBarViewModel.swift */,
				E3EA21F52AEAC357000C66C3 /* TabBarViewController.swift */,
			);
			path = "Tab Bar";
			sourceTree = "<group>";
		};
		E3EA21EB2AEABE9E000C66C3 /* Home */ = {
			isa = PBXGroup;
			children = (
				E3EA21FB2AEB0695000C66C3 /* HomeModule.swift */,
				E3C999292AEF1C1900495E18 /* HomeModel.swift */,
				E3EA21FE2AEB06A9000C66C3 /* HomeViewModel.swift */,
				E3EA22002AEB06C3000C66C3 /* HomeViewController.swift */,
			);
			path = Home;
			sourceTree = "<group>";
		};
		E3EA21EC2AEABEA8000C66C3 /* History */ = {
			isa = PBXGroup;
			children = (
				E3EA22032AEB18A5000C66C3 /* HistoryModule.swift */,
				E3EA22062AEB1914000C66C3 /* HistoryViewModel.swift */,
				E3EA22082AEB192C000C66C3 /* HistoryViewController.swift */,
			);
			path = History;
			sourceTree = "<group>";
		};
		E3EA21EF2AEABEF1000C66C3 /* Core Layer */ = {
			isa = PBXGroup;
			children = (
				E3EA21F02AEABF2E000C66C3 /* BaseModule.swift */,
				E3EA21F72AEAD7DF000C66C3 /* BaseViewController.swift */,
				E3EA221B2AED8317000C66C3 /* BaseButton.swift */,
			);
			path = "Core Layer";
			sourceTree = "<group>";
		};
		E3EA21F42AEAC32D000C66C3 /* Network Layer */ = {
			isa = PBXGroup;
			children = (
				E3EA22402AEEF91F000C66C3 /* Routes.swift */,
				E3EA223B2AEEC57D000C66C3 /* MarsRoverPhotos.swift */,
				E3C999252AEF106F00495E18 /* NetworkManager.swift */,
			);
			path = "Network Layer";
			sourceTree = "<group>";
		};
		E3EA220B2AED5127000C66C3 /* UI Components */ = {
			isa = PBXGroup;
			children = (
				E3EA22242AEEB4A3000C66C3 /* Calendars */,
				E3EA220D2AED516D000C66C3 /* HeaderView.swift */,
				E3EA22182AED7CB2000C66C3 /* ToolbarView.swift */,
				E3EA221D2AED9AC2000C66C3 /* RoverCardCell.swift */,
				E3C999332AF2B66F00495E18 /* CameraListView.swift */,
			);
			path = "UI Components";
			sourceTree = "<group>";
		};
		E3EA220F2AED5269000C66C3 /* Utils */ = {
			isa = PBXGroup;
			children = (
				E3C999402AF42C1100495E18 /* TempStorage.swift */,
				E3C999432AF48EDE00495E18 /* Adapters.swift */,
				E3EA22102AED5284000C66C3 /* Screen.swift */,
				E3C9992F2AF142F400495E18 /* String.swift */,
			);
			path = Utils;
			sourceTree = "<group>";
		};
		E3EA22242AEEB4A3000C66C3 /* Calendars */ = {
			isa = PBXGroup;
			children = (
				E3EA22262AEEB4ED000C66C3 /* CalendarView */,
				E3EA22212AEDAF30000C66C3 /* CalendarDatePicker.swift */,
				E3EA22332AEEB527000C66C3 /* CalendarDateView.swift */,
			);
			path = Calendars;
			sourceTree = "<group>";
		};
		E3EA22262AEEB4ED000C66C3 /* CalendarView */ = {
			isa = PBXGroup;
			children = (
				E3EA222A2AEEB4FF000C66C3 /* CalenderCell.swift */,
				E3EA22272AEEB4FF000C66C3 /* CalenderHeaderCell.swift */,
				E3EA22292AEEB4FF000C66C3 /* CalenderStyle.swift */,
				E3EA22282AEEB4FF000C66C3 /* CalenderView.swift */,
				E3EA222B2AEEB4FF000C66C3 /* Date+Exts.swift */,
				E3EA222C2AEEB500000C66C3 /* Day.swift */,
			);
			path = CalendarView;
			sourceTree = "<group>";
		};
/* End PBXGroup section */

/* Begin PBXNativeTarget section */
		E34657382AEA917E008A20B1 /* NASA Rovers */ = {
			isa = PBXNativeTarget;
			buildConfigurationList = E346574D2AEA9181008A20B1 /* Build configuration list for PBXNativeTarget "NASA Rovers" */;
			buildPhases = (
				E34657352AEA917E008A20B1 /* Sources */,
				E34657362AEA917E008A20B1 /* Frameworks */,
				E34657372AEA917E008A20B1 /* Resources */,
			);
			buildRules = (
			);
			dependencies = (
				E34657702AEAB4E8008A20B1 /* PBXTargetDependency */,
			);
			name = "NASA Rovers";
			packageProductDependencies = (
				E34657522AEAA171008A20B1 /* SnapKit */,
				E34657552AEAA187008A20B1 /* SwiftMessages */,
				E346576D2AEAB4B3008A20B1 /* RswiftLibrary */,
				E3EA21E12AEAB95A000C66C3 /* Realm */,
				E3EA21E32AEAB95A000C66C3 /* RealmSwift */,
				E3EA223E2AEEE5D7000C66C3 /* Alamofire */,
				E3C9992C2AEF219B00495E18 /* AlamofireImage */,
			);
			productName = "NASA Rovers";
			productReference = E34657392AEA917E008A20B1 /* NASA Rovers.app */;
			productType = "com.apple.product-type.application";
		};
/* End PBXNativeTarget section */

/* Begin PBXProject section */
		E34657312AEA917E008A20B1 /* Project object */ = {
			isa = PBXProject;
			attributes = {
				BuildIndependentTargetsInParallel = 1;
				LastSwiftUpdateCheck = 1420;
				LastUpgradeCheck = 1420;
				TargetAttributes = {
					E34657382AEA917E008A20B1 = {
						CreatedOnToolsVersion = 14.2;
					};
				};
			};
			buildConfigurationList = E34657342AEA917E008A20B1 /* Build configuration list for PBXProject "NASA Rovers" */;
			compatibilityVersion = "Xcode 14.0";
			developmentRegion = en;
			hasScannedForEncodings = 0;
			knownRegions = (
				en,
				Base,
			);
			mainGroup = E34657302AEA917E008A20B1;
			packageReferences = (
				E34657512AEAA171008A20B1 /* XCRemoteSwiftPackageReference "SnapKit" */,
				E34657542AEAA187008A20B1 /* XCRemoteSwiftPackageReference "SwiftMessages" */,
				E346576C2AEAB4B3008A20B1 /* XCRemoteSwiftPackageReference "R.swift" */,
				E3EA21E02AEAB95A000C66C3 /* XCRemoteSwiftPackageReference "realm-swift" */,
				E3EA223D2AEEE5D7000C66C3 /* XCRemoteSwiftPackageReference "Alamofire" */,
				E3C9992B2AEF219B00495E18 /* XCRemoteSwiftPackageReference "AlamofireImage" */,
			);
			productRefGroup = E346573A2AEA917E008A20B1 /* Products */;
			projectDirPath = "";
			projectRoot = "";
			targets = (
				E34657382AEA917E008A20B1 /* NASA Rovers */,
			);
		};
/* End PBXProject section */

/* Begin PBXResourcesBuildPhase section */
		E34657372AEA917E008A20B1 /* Resources */ = {
			isa = PBXResourcesBuildPhase;
			buildActionMask = 2147483647;
			files = (
				E34657492AEA9181008A20B1 /* LaunchScreen.storyboard in Resources */,
				E34657462AEA9181008A20B1 /* Assets.xcassets in Resources */,
				E34657662AEAAEBB008A20B1 /* SF-Pro-Text-Bold.otf in Resources */,
				E34657672AEAAEBB008A20B1 /* SF-Pro-Text-Regular.otf in Resources */,
			);
			runOnlyForDeploymentPostprocessing = 0;
		};
/* End PBXResourcesBuildPhase section */

/* Begin PBXSourcesBuildPhase section */
		E34657352AEA917E008A20B1 /* Sources */ = {
			isa = PBXSourcesBuildPhase;
			buildActionMask = 2147483647;
			files = (
				E3EA22042AEB18A5000C66C3 /* HistoryModule.swift in Sources */,
				E3EA22412AEEF91F000C66C3 /* Routes.swift in Sources */,
				E3EA22302AEEB500000C66C3 /* CalenderCell.swift in Sources */,
				E3EA21FF2AEB06A9000C66C3 /* HomeViewModel.swift in Sources */,
				E3C999302AF142F400495E18 /* String.swift in Sources */,
				E3EA22092AEB192C000C66C3 /* HistoryViewController.swift in Sources */,
				E3C999442AF48EDE00495E18 /* Adapters.swift in Sources */,
				E3EA22322AEEB500000C66C3 /* Day.swift in Sources */,
				E3EA21F12AEABF2E000C66C3 /* BaseModule.swift in Sources */,
				E3C999372AF323B900495E18 /* FullScreenImageViewController.swift in Sources */,
				E3EA22222AEDAF30000C66C3 /* CalendarDatePicker.swift in Sources */,
				E3C9992A2AEF1C1900495E18 /* HomeModel.swift in Sources */,
				E3EA221E2AED9AC3000C66C3 /* RoverCardCell.swift in Sources */,
				E3EA222E2AEEB500000C66C3 /* CalenderView.swift in Sources */,
				E3EA221C2AED8317000C66C3 /* BaseButton.swift in Sources */,
				E3EA21FC2AEB0695000C66C3 /* HomeModule.swift in Sources */,
				E3C999412AF42C1100495E18 /* TempStorage.swift in Sources */,
				E346573D2AEA917E008A20B1 /* AppDelegate.swift in Sources */,
				E3C999342AF2B66F00495E18 /* CameraListView.swift in Sources */,
				E346573F2AEA917E008A20B1 /* SceneDelegate.swift in Sources */,
				E3C999262AEF106F00495E18 /* NetworkManager.swift in Sources */,
				E3EA222D2AEEB500000C66C3 /* CalenderHeaderCell.swift in Sources */,
				E3EA22312AEEB500000C66C3 /* Date+Exts.swift in Sources */,
				E3EA21F62AEAC357000C66C3 /* TabBarViewController.swift in Sources */,
				E3EA21F82AEAD7DF000C66C3 /* BaseViewController.swift in Sources */,
				E3EA223C2AEEC57D000C66C3 /* MarsRoverPhotos.swift in Sources */,
				E3EA21F32AEAC2C8000C66C3 /* TabBarViewModel.swift in Sources */,
				E3C9993C2AF3306000495E18 /* FullScreenImageViewModel.swift in Sources */,
				E3EA22342AEEB527000C66C3 /* CalendarDateView.swift in Sources */,
				E3EA21EE2AEABED5000C66C3 /* TabBarModule.swift in Sources */,
				E3C9993E2AF3307A00495E18 /* FullScreenImageModule.swift in Sources */,
				E3EA22012AEB06C3000C66C3 /* HomeViewController.swift in Sources */,
				E3EA22112AED5284000C66C3 /* Screen.swift in Sources */,
				E3EA22072AEB1914000C66C3 /* HistoryViewModel.swift in Sources */,
				E3EA222F2AEEB500000C66C3 /* CalenderStyle.swift in Sources */,
				E3EA22192AED7CB2000C66C3 /* ToolbarView.swift in Sources */,
				E3EA220E2AED516D000C66C3 /* HeaderView.swift in Sources */,
			);
			runOnlyForDeploymentPostprocessing = 0;
		};
/* End PBXSourcesBuildPhase section */

/* Begin PBXTargetDependency section */
		E34657702AEAB4E8008A20B1 /* PBXTargetDependency */ = {
			isa = PBXTargetDependency;
			productRef = E346576F2AEAB4E8008A20B1 /* RswiftGenerateInternalResources */;
		};
/* End PBXTargetDependency section */

/* Begin PBXVariantGroup section */
		E34657472AEA9181008A20B1 /* LaunchScreen.storyboard */ = {
			isa = PBXVariantGroup;
			children = (
				E34657482AEA9181008A20B1 /* Base */,
			);
			name = LaunchScreen.storyboard;
			sourceTree = "<group>";
		};
/* End PBXVariantGroup section */

/* Begin XCBuildConfiguration section */
		E346574B2AEA9181008A20B1 /* Debug */ = {
			isa = XCBuildConfiguration;
			buildSettings = {
				ALWAYS_SEARCH_USER_PATHS = NO;
				CLANG_ANALYZER_NONNULL = YES;
				CLANG_ANALYZER_NUMBER_OBJECT_CONVERSION = YES_AGGRESSIVE;
				CLANG_CXX_LANGUAGE_STANDARD = "gnu++20";
				CLANG_ENABLE_MODULES = YES;
				CLANG_ENABLE_OBJC_ARC = YES;
				CLANG_ENABLE_OBJC_WEAK = YES;
				CLANG_WARN_BLOCK_CAPTURE_AUTORELEASING = YES;
				CLANG_WARN_BOOL_CONVERSION = YES;
				CLANG_WARN_COMMA = YES;
				CLANG_WARN_CONSTANT_CONVERSION = YES;
				CLANG_WARN_DEPRECATED_OBJC_IMPLEMENTATIONS = YES;
				CLANG_WARN_DIRECT_OBJC_ISA_USAGE = YES_ERROR;
				CLANG_WARN_DOCUMENTATION_COMMENTS = YES;
				CLANG_WARN_EMPTY_BODY = YES;
				CLANG_WARN_ENUM_CONVERSION = YES;
				CLANG_WARN_INFINITE_RECURSION = YES;
				CLANG_WARN_INT_CONVERSION = YES;
				CLANG_WARN_NON_LITERAL_NULL_CONVERSION = YES;
				CLANG_WARN_OBJC_IMPLICIT_RETAIN_SELF = YES;
				CLANG_WARN_OBJC_LITERAL_CONVERSION = YES;
				CLANG_WARN_OBJC_ROOT_CLASS = YES_ERROR;
				CLANG_WARN_QUOTED_INCLUDE_IN_FRAMEWORK_HEADER = YES;
				CLANG_WARN_RANGE_LOOP_ANALYSIS = YES;
				CLANG_WARN_STRICT_PROTOTYPES = YES;
				CLANG_WARN_SUSPICIOUS_MOVE = YES;
				CLANG_WARN_UNGUARDED_AVAILABILITY = YES_AGGRESSIVE;
				CLANG_WARN_UNREACHABLE_CODE = YES;
				CLANG_WARN__DUPLICATE_METHOD_MATCH = YES;
				COPY_PHASE_STRIP = NO;
				DEBUG_INFORMATION_FORMAT = dwarf;
				ENABLE_STRICT_OBJC_MSGSEND = YES;
				ENABLE_TESTABILITY = YES;
				GCC_C_LANGUAGE_STANDARD = gnu11;
				GCC_DYNAMIC_NO_PIC = NO;
				GCC_NO_COMMON_BLOCKS = YES;
				GCC_OPTIMIZATION_LEVEL = 0;
				GCC_PREPROCESSOR_DEFINITIONS = (
					"DEBUG=1",
					"$(inherited)",
				);
				GCC_WARN_64_TO_32_BIT_CONVERSION = YES;
				GCC_WARN_ABOUT_RETURN_TYPE = YES_ERROR;
				GCC_WARN_UNDECLARED_SELECTOR = YES;
				GCC_WARN_UNINITIALIZED_AUTOS = YES_AGGRESSIVE;
				GCC_WARN_UNUSED_FUNCTION = YES;
				GCC_WARN_UNUSED_VARIABLE = YES;
				IPHONEOS_DEPLOYMENT_TARGET = 16.2;
				MTL_ENABLE_DEBUG_INFO = INCLUDE_SOURCE;
				MTL_FAST_MATH = YES;
				ONLY_ACTIVE_ARCH = YES;
				SDKROOT = iphoneos;
				SWIFT_ACTIVE_COMPILATION_CONDITIONS = DEBUG;
				SWIFT_OPTIMIZATION_LEVEL = "-Onone";
			};
			name = Debug;
		};
		E346574C2AEA9181008A20B1 /* Release */ = {
			isa = XCBuildConfiguration;
			buildSettings = {
				ALWAYS_SEARCH_USER_PATHS = NO;
				CLANG_ANALYZER_NONNULL = YES;
				CLANG_ANALYZER_NUMBER_OBJECT_CONVERSION = YES_AGGRESSIVE;
				CLANG_CXX_LANGUAGE_STANDARD = "gnu++20";
				CLANG_ENABLE_MODULES = YES;
				CLANG_ENABLE_OBJC_ARC = YES;
				CLANG_ENABLE_OBJC_WEAK = YES;
				CLANG_WARN_BLOCK_CAPTURE_AUTORELEASING = YES;
				CLANG_WARN_BOOL_CONVERSION = YES;
				CLANG_WARN_COMMA = YES;
				CLANG_WARN_CONSTANT_CONVERSION = YES;
				CLANG_WARN_DEPRECATED_OBJC_IMPLEMENTATIONS = YES;
				CLANG_WARN_DIRECT_OBJC_ISA_USAGE = YES_ERROR;
				CLANG_WARN_DOCUMENTATION_COMMENTS = YES;
				CLANG_WARN_EMPTY_BODY = YES;
				CLANG_WARN_ENUM_CONVERSION = YES;
				CLANG_WARN_INFINITE_RECURSION = YES;
				CLANG_WARN_INT_CONVERSION = YES;
				CLANG_WARN_NON_LITERAL_NULL_CONVERSION = YES;
				CLANG_WARN_OBJC_IMPLICIT_RETAIN_SELF = YES;
				CLANG_WARN_OBJC_LITERAL_CONVERSION = YES;
				CLANG_WARN_OBJC_ROOT_CLASS = YES_ERROR;
				CLANG_WARN_QUOTED_INCLUDE_IN_FRAMEWORK_HEADER = YES;
				CLANG_WARN_RANGE_LOOP_ANALYSIS = YES;
				CLANG_WARN_STRICT_PROTOTYPES = YES;
				CLANG_WARN_SUSPICIOUS_MOVE = YES;
				CLANG_WARN_UNGUARDED_AVAILABILITY = YES_AGGRESSIVE;
				CLANG_WARN_UNREACHABLE_CODE = YES;
				CLANG_WARN__DUPLICATE_METHOD_MATCH = YES;
				COPY_PHASE_STRIP = NO;
				DEBUG_INFORMATION_FORMAT = "dwarf-with-dsym";
				ENABLE_NS_ASSERTIONS = NO;
				ENABLE_STRICT_OBJC_MSGSEND = YES;
				GCC_C_LANGUAGE_STANDARD = gnu11;
				GCC_NO_COMMON_BLOCKS = YES;
				GCC_WARN_64_TO_32_BIT_CONVERSION = YES;
				GCC_WARN_ABOUT_RETURN_TYPE = YES_ERROR;
				GCC_WARN_UNDECLARED_SELECTOR = YES;
				GCC_WARN_UNINITIALIZED_AUTOS = YES_AGGRESSIVE;
				GCC_WARN_UNUSED_FUNCTION = YES;
				GCC_WARN_UNUSED_VARIABLE = YES;
				IPHONEOS_DEPLOYMENT_TARGET = 16.2;
				MTL_ENABLE_DEBUG_INFO = NO;
				MTL_FAST_MATH = YES;
				SDKROOT = iphoneos;
				SWIFT_COMPILATION_MODE = wholemodule;
				SWIFT_OPTIMIZATION_LEVEL = "-O";
				VALIDATE_PRODUCT = YES;
			};
			name = Release;
		};
		E346574E2AEA9181008A20B1 /* Debug */ = {
			isa = XCBuildConfiguration;
			buildSettings = {
				ASSETCATALOG_COMPILER_APPICON_NAME = AppIcon;
				ASSETCATALOG_COMPILER_GLOBAL_ACCENT_COLOR_NAME = AccentColor;
				CODE_SIGN_STYLE = Automatic;
				CURRENT_PROJECT_VERSION = 1;
				GENERATE_INFOPLIST_FILE = YES;
				INFOPLIST_FILE = "NASA Rovers/Info.plist";
				INFOPLIST_KEY_LSApplicationCategoryType = "public.app-category.photography";
				INFOPLIST_KEY_UIApplicationSupportsIndirectInputEvents = YES;
				INFOPLIST_KEY_UILaunchStoryboardName = LaunchScreen;
				INFOPLIST_KEY_UIStatusBarStyle = UIStatusBarStyleDefault;
				INFOPLIST_KEY_UISupportedInterfaceOrientations = UIInterfaceOrientationPortrait;
				IPHONEOS_DEPLOYMENT_TARGET = 13.0;
				LD_RUNPATH_SEARCH_PATHS = (
					"$(inherited)",
					"@executable_path/Frameworks",
				);
				MARKETING_VERSION = 0.1.0;
				PRODUCT_BUNDLE_IDENTIFIER = dev.ios.leadsdoit.nasarovers;
				PRODUCT_NAME = "$(TARGET_NAME)";
				SWIFT_EMIT_LOC_STRINGS = YES;
				SWIFT_VERSION = 5.0;
				TARGETED_DEVICE_FAMILY = "1,2";
			};
			name = Debug;
		};
		E346574F2AEA9181008A20B1 /* Release */ = {
			isa = XCBuildConfiguration;
			buildSettings = {
				ASSETCATALOG_COMPILER_APPICON_NAME = AppIcon;
				ASSETCATALOG_COMPILER_GLOBAL_ACCENT_COLOR_NAME = AccentColor;
				CODE_SIGN_STYLE = Automatic;
				CURRENT_PROJECT_VERSION = 1;
				GENERATE_INFOPLIST_FILE = YES;
				INFOPLIST_FILE = "NASA Rovers/Info.plist";
				INFOPLIST_KEY_LSApplicationCategoryType = "public.app-category.photography";
				INFOPLIST_KEY_UIApplicationSupportsIndirectInputEvents = YES;
				INFOPLIST_KEY_UILaunchStoryboardName = LaunchScreen;
				INFOPLIST_KEY_UIStatusBarStyle = UIStatusBarStyleDefault;
				INFOPLIST_KEY_UISupportedInterfaceOrientations = UIInterfaceOrientationPortrait;
				IPHONEOS_DEPLOYMENT_TARGET = 13.0;
				LD_RUNPATH_SEARCH_PATHS = (
					"$(inherited)",
					"@executable_path/Frameworks",
				);
				MARKETING_VERSION = 0.1.0;
				PRODUCT_BUNDLE_IDENTIFIER = dev.ios.leadsdoit.nasarovers;
				PRODUCT_NAME = "$(TARGET_NAME)";
				SWIFT_EMIT_LOC_STRINGS = YES;
				SWIFT_VERSION = 5.0;
				TARGETED_DEVICE_FAMILY = "1,2";
			};
			name = Release;
		};
/* End XCBuildConfiguration section */

/* Begin XCConfigurationList section */
		E34657342AEA917E008A20B1 /* Build configuration list for PBXProject "NASA Rovers" */ = {
			isa = XCConfigurationList;
			buildConfigurations = (
				E346574B2AEA9181008A20B1 /* Debug */,
				E346574C2AEA9181008A20B1 /* Release */,
			);
			defaultConfigurationIsVisible = 0;
			defaultConfigurationName = Release;
		};
		E346574D2AEA9181008A20B1 /* Build configuration list for PBXNativeTarget "NASA Rovers" */ = {
			isa = XCConfigurationList;
			buildConfigurations = (
				E346574E2AEA9181008A20B1 /* Debug */,
				E346574F2AEA9181008A20B1 /* Release */,
			);
			defaultConfigurationIsVisible = 0;
			defaultConfigurationName = Release;
		};
/* End XCConfigurationList section */

/* Begin XCRemoteSwiftPackageReference section */
		E34657512AEAA171008A20B1 /* XCRemoteSwiftPackageReference "SnapKit" */ = {
			isa = XCRemoteSwiftPackageReference;
			repositoryURL = "https://github.com/SnapKit/SnapKit.git";
			requirement = {
				kind = upToNextMajorVersion;
				minimumVersion = 5.0.0;
			};
		};
		E34657542AEAA187008A20B1 /* XCRemoteSwiftPackageReference "SwiftMessages" */ = {
			isa = XCRemoteSwiftPackageReference;
			repositoryURL = "https://github.com/SwiftKickMobile/SwiftMessages.git";
			requirement = {
				kind = upToNextMajorVersion;
				minimumVersion = 9.0.0;
			};
		};
		E346576C2AEAB4B3008A20B1 /* XCRemoteSwiftPackageReference "R.swift" */ = {
			isa = XCRemoteSwiftPackageReference;
			repositoryURL = "git@github.com:mac-cain13/R.swift.git";
			requirement = {
				kind = upToNextMajorVersion;
				minimumVersion = 7.0.0;
			};
		};
		E3C9992B2AEF219B00495E18 /* XCRemoteSwiftPackageReference "AlamofireImage" */ = {
			isa = XCRemoteSwiftPackageReference;
			repositoryURL = "https://github.com/Alamofire/AlamofireImage.git";
			requirement = {
				kind = upToNextMajorVersion;
				minimumVersion = 4.0.0;
			};
		};
		E3EA21E02AEAB95A000C66C3 /* XCRemoteSwiftPackageReference "realm-swift" */ = {
			isa = XCRemoteSwiftPackageReference;
			repositoryURL = "https://github.com/realm/realm-swift.git";
			requirement = {
				kind = upToNextMajorVersion;
				minimumVersion = 10.0.0;
			};
		};
		E3EA223D2AEEE5D7000C66C3 /* XCRemoteSwiftPackageReference "Alamofire" */ = {
			isa = XCRemoteSwiftPackageReference;
			repositoryURL = "https://github.com/Alamofire/Alamofire.git";
			requirement = {
				kind = upToNextMajorVersion;
				minimumVersion = 5.0.0;
			};
		};
/* End XCRemoteSwiftPackageReference section */

/* Begin XCSwiftPackageProductDependency section */
		E34657522AEAA171008A20B1 /* SnapKit */ = {
			isa = XCSwiftPackageProductDependency;
			package = E34657512AEAA171008A20B1 /* XCRemoteSwiftPackageReference "SnapKit" */;
			productName = SnapKit;
		};
		E34657552AEAA187008A20B1 /* SwiftMessages */ = {
			isa = XCSwiftPackageProductDependency;
			package = E34657542AEAA187008A20B1 /* XCRemoteSwiftPackageReference "SwiftMessages" */;
			productName = SwiftMessages;
		};
		E346576D2AEAB4B3008A20B1 /* RswiftLibrary */ = {
			isa = XCSwiftPackageProductDependency;
			package = E346576C2AEAB4B3008A20B1 /* XCRemoteSwiftPackageReference "R.swift" */;
			productName = RswiftLibrary;
		};
		E346576F2AEAB4E8008A20B1 /* RswiftGenerateInternalResources */ = {
			isa = XCSwiftPackageProductDependency;
			productName = "plugin:RswiftGenerateInternalResources";
		};
		E3C9992C2AEF219B00495E18 /* AlamofireImage */ = {
			isa = XCSwiftPackageProductDependency;
			package = E3C9992B2AEF219B00495E18 /* XCRemoteSwiftPackageReference "AlamofireImage" */;
			productName = AlamofireImage;
		};
		E3EA21E12AEAB95A000C66C3 /* Realm */ = {
			isa = XCSwiftPackageProductDependency;
			package = E3EA21E02AEAB95A000C66C3 /* XCRemoteSwiftPackageReference "realm-swift" */;
			productName = Realm;
		};
		E3EA21E32AEAB95A000C66C3 /* RealmSwift */ = {
			isa = XCSwiftPackageProductDependency;
			package = E3EA21E02AEAB95A000C66C3 /* XCRemoteSwiftPackageReference "realm-swift" */;
			productName = RealmSwift;
		};
		E3EA223E2AEEE5D7000C66C3 /* Alamofire */ = {
			isa = XCSwiftPackageProductDependency;
			package = E3EA223D2AEEE5D7000C66C3 /* XCRemoteSwiftPackageReference "Alamofire" */;
			productName = Alamofire;
		};
/* End XCSwiftPackageProductDependency section */
	};
	rootObject = E34657312AEA917E008A20B1 /* Project object */;
}
